
Microsoft Visual Studio Solution File, Format Version 12.00
# Visual Studio Version 17
VisualStudioVersion = 17.5.33627.172
MinimumVisualStudioVersion = 10.0.40219.1
Project("{FAE04EC0-301F-11D3-BF4B-00C04F79EFBC}") = "practic", "practic\practic.csproj", "{2710F516-6EC3-4C90-97A8-0691836518FD}"
EndProject
Global
	GlobalSection(SolutionConfigurationPlatforms) = preSolution
		Debug|Any CPU = Debug|Any CPU
		Release|Any CPU = Release|Any CPU
	EndGlobalSection
	GlobalSection(ProjectConfigurationPlatforms) = postSolution
		{2710F516-6EC3-4C90-97A8-0691836518FD}.Debug|Any CPU.ActiveCfg = Debug|Any CPU
		{2710F516-6EC3-4C90-97A8-0691836518FD}.Debug|Any CPU.Build.0 = Debug|Any CPU
		{2710F516-6EC3-4C90-97A8-0691836518FD}.Release|Any CPU.ActiveCfg = Release|Any CPU
		{2710F516-6EC3-4C90-97A8-0691836518FD}.Release|Any CPU.Build.0 = Release|Any CPU
	EndGlobalSection
	GlobalSection(SolutionProperties) = preSolution
		HideSolutionNode = FALSE
	EndGlobalSection
	GlobalSection(ExtensibilityGlobals) = postSolution
		SolutionGuid = {B4F061BB-37E5-4A7E-A977-2437FF0B5E8B}
	EndGlobalSection
EndGlobal
